{
  "name": "miniprogram",
  "version": "1.0.0",
  "lockfileVersion": 1,
  "requires": true,
  "dependencies": {
    "tim-wx-sdk": {
      "version": "2.4.0",
      "resolved": "https://registry.npm.taobao.org/tim-wx-sdk/download/tim-wx-sdk-2.4.0.tgz",
      "integrity": "sha1-gbyJSe9AZ/joJpfTNBal/qfdZuM="
    }
  }
}
